PODS:
  - CountryPickerView (3.3.0)
  - FlagPhoneNumber (0.8.0):
    - FlagPhoneNumber/libPhoneNumberiOS (= 0.8.0)
  - FlagPhoneNumber/libPhoneNumberiOS (0.8.0)
  - IQKeyboardManager (6.5.18)

DEPENDENCIES:
  - CountryPickerView
  - FlagPhoneNumber
  - IQKeyboardManager

SPEC REPOS:
  trunk:
    - CountryPickerView
    - FlagPhoneNumber
    - IQKeyboardManager

SPEC CHECKSUMS:
  CountryPickerView: 6322ada32a80b0cd721b0267282a5c24f406f263
  FlagPhoneNumber: 3712455b95f66cb0f2016fef7d9e34cddf8c7f9a
  IQKeyboardManager: 67f92bb29b650c094c40bd11c0545b47bdd25c5b

PODFILE CHECKSUM: ae02a20325cbbc88ef0252a19e200e51008aa12f

COCOAPODS: 1.15.2
