// !$*UTF8*$!
{
	archiveVersion = 1;
	classes = {
	};
	objectVersion = 56;
	objects = {

/* Begin PBXBuildFile section */
		361462952C808CB2001D5DE4 /* ChatsVC.swift in Sources */ = {isa = PBXBuildFile; fileRef = 361462942C808CB2001D5DE4 /* ChatsVC.swift */; };
		36160CDD2C8ADF2300106EAD /* EditProfileVC.swift in Sources */ = {isa = PBXBuildFile; fileRef = 36160CDC2C8ADF2300106EAD /* EditProfileVC.swift */; };
		362E60802C8B12D20080FCDD /* ProfilePhotoVC.swift in Sources */ = {isa = PBXBuildFile; fileRef = 362E607F2C8B12D20080FCDD /* ProfilePhotoVC.swift */; };
		365116762C8867F0007E3850 /* StatusCell.xib in Resources */ = {isa = PBXBuildFile; fileRef = 365116752C8867F0007E3850 /* StatusCell.xib */; };
		365116772C8867F0007E3850 /* StatusCell.swift in Sources */ = {isa = PBXBuildFile; fileRef = 365116742C8867F0007E3850 /* StatusCell.swift */; };
		366778B92C8879F30056BB33 /* CircularProgressView.swift in Sources */ = {isa = PBXBuildFile; fileRef = 366778B82C8879F30056BB33 /* CircularProgressView.swift */; };
		366778BC2C88805D0056BB33 /* StatusModel.swift in Sources */ = {isa = PBXBuildFile; fileRef = 366778BB2C88805D0056BB33 /* StatusModel.swift */; };
		3673BB192C845B6700AE163B /* whatsapp.json in Resources */ = {isa = PBXBuildFile; fileRef = 3673BB182C845B6700AE163B /* whatsapp.json */; };
		3673BB1B2C84619100AE163B /* ChatModel.swift in Sources */ = {isa = PBXBuildFile; fileRef = 3673BB1A2C84619100AE163B /* ChatModel.swift */; };
		369224562C7A4F6800951AA2 /* Constants.swift in Sources */ = {isa = PBXBuildFile; fileRef = 369224552C7A4F6800951AA2 /* Constants.swift */; };
		3694E4D22C81E0AD000FCFFF /* ChatCell.swift in Sources */ = {isa = PBXBuildFile; fileRef = 3694E4D02C81E0AD000FCFFF /* ChatCell.swift */; };
		3694E4D32C81E0AD000FCFFF /* ChatCell.xib in Resources */ = {isa = PBXBuildFile; fileRef = 3694E4D12C81E0AD000FCFFF /* ChatCell.xib */; };
		369926782C79F29800A96177 /* AppDelegate.swift in Sources */ = {isa = PBXBuildFile; fileRef = 369926772C79F29800A96177 /* AppDelegate.swift */; };
		3699267A2C79F29800A96177 /* SceneDelegate.swift in Sources */ = {isa = PBXBuildFile; fileRef = 369926792C79F29800A96177 /* SceneDelegate.swift */; };
		3699267C2C79F29800A96177 /* ViewController.swift in Sources */ = {isa = PBXBuildFile; fileRef = 3699267B2C79F29800A96177 /* ViewController.swift */; };
		3699267F2C79F29800A96177 /* Base in Resources */ = {isa = PBXBuildFile; fileRef = 3699267E2C79F29800A96177 /* Base */; };
		369926812C79F29A00A96177 /* Assets.xcassets in Resources */ = {isa = PBXBuildFile; fileRef = 369926802C79F29A00A96177 /* Assets.xcassets */; };
		369926842C79F29A00A96177 /* Base in Resources */ = {isa = PBXBuildFile; fileRef = 369926832C79F29A00A96177 /* Base */; };
		3699268C2C79FB6900A96177 /* TermsAndServicesVC.swift in Sources */ = {isa = PBXBuildFile; fileRef = 3699268B2C79FB6900A96177 /* TermsAndServicesVC.swift */; };
		369926902C7A3D2D00A96177 /* VerifyPhoneNumberVC.swift in Sources */ = {isa = PBXBuildFile; fileRef = 3699268F2C7A3D2D00A96177 /* VerifyPhoneNumberVC.swift */; };
		3699B1AC2C7EF68700119C22 /* SettingCell.swift in Sources */ = {isa = PBXBuildFile; fileRef = 3699B1AA2C7EF68700119C22 /* SettingCell.swift */; };
		3699B1AD2C7EF68700119C22 /* SettingCell.xib in Resources */ = {isa = PBXBuildFile; fileRef = 3699B1AB2C7EF68700119C22 /* SettingCell.xib */; };
		3699B1B12C7EFD3500119C22 /* SettingCellModel.swift in Sources */ = {isa = PBXBuildFile; fileRef = 3699B1B02C7EFD3500119C22 /* SettingCellModel.swift */; };
		369AE1112C7C97170034EFC4 /* ProfileInfoVC.swift in Sources */ = {isa = PBXBuildFile; fileRef = 369AE1102C7C97170034EFC4 /* ProfileInfoVC.swift */; };
		369B8FFB2C8C95EE002ACA97 /* EditProfilePicVC.swift in Sources */ = {isa = PBXBuildFile; fileRef = 369B8FFA2C8C95EE002ACA97 /* EditProfilePicVC.swift */; };
		36AA01912C900F3B0073D026 /* CustomBioVC.swift in Sources */ = {isa = PBXBuildFile; fileRef = 36AA01902C900F3B0073D026 /* CustomBioVC.swift */; };
		36B4B3552C7DC05F00B9EDE3 /* TabBarVC.swift in Sources */ = {isa = PBXBuildFile; fileRef = 36B4B3542C7DC05F00B9EDE3 /* TabBarVC.swift */; };
		36B4B3572C7DD45D00B9EDE3 /* TabBarVC.storyboard in Resources */ = {isa = PBXBuildFile; fileRef = 36B4B3562C7DD45D00B9EDE3 /* TabBarVC.storyboard */; };
		36B4B35B2C7DDB4300B9EDE3 /* SettingsVC.swift in Sources */ = {isa = PBXBuildFile; fileRef = 36B4B35A2C7DDB4300B9EDE3 /* SettingsVC.swift */; };
		36B9C0032C7B15F000F71E99 /* OtpVerificationVC.swift in Sources */ = {isa = PBXBuildFile; fileRef = 36B9C0022C7B15F000F71E99 /* OtpVerificationVC.swift */; };
		36CA2ACD2C8EE03600B5AE6D /* BioVC.swift in Sources */ = {isa = PBXBuildFile; fileRef = 36CA2ACC2C8EE03600B5AE6D /* BioVC.swift */; };
		36CA2AD02C8EE5DC00B5AE6D /* BioCell.swift in Sources */ = {isa = PBXBuildFile; fileRef = 36CA2ACE2C8EE5DC00B5AE6D /* BioCell.swift */; };
		36CA2AD12C8EE5DC00B5AE6D /* BioCell.xib in Resources */ = {isa = PBXBuildFile; fileRef = 36CA2ACF2C8EE5DC00B5AE6D /* BioCell.xib */; };
		36CA2AD32C8EE87800B5AE6D /* BiosModel.swift in Sources */ = {isa = PBXBuildFile; fileRef = 36CA2AD22C8EE87800B5AE6D /* BiosModel.swift */; };
		36CD732B2C8836EA00D432A7 /* UpdatesVC.swift in Sources */ = {isa = PBXBuildFile; fileRef = 36CD732A2C8836EA00D432A7 /* UpdatesVC.swift */; };
		36DF514B2C86CF840047FAF4 /* community.json in Resources */ = {isa = PBXBuildFile; fileRef = 36DF514A2C86CF840047FAF4 /* community.json */; };
		36DF514D2C86D0410047FAF4 /* CommunityVC.swift in Sources */ = {isa = PBXBuildFile; fileRef = 36DF514C2C86D0410047FAF4 /* CommunityVC.swift */; };
		36DF514F2C86E8830047FAF4 /* CallsVC.swift in Sources */ = {isa = PBXBuildFile; fileRef = 36DF514E2C86E8830047FAF4 /* CallsVC.swift */; };
		36DF51522C86EFE90047FAF4 /* DialpadVC.swift in Sources */ = {isa = PBXBuildFile; fileRef = 36DF51512C86EFE90047FAF4 /* DialpadVC.swift */; };
		36DF51542C86F0080047FAF4 /* OtherVC.storyboard in Resources */ = {isa = PBXBuildFile; fileRef = 36DF51532C86F0080047FAF4 /* OtherVC.storyboard */; };
		36DF51572C8720660047FAF4 /* CallCell.swift in Sources */ = {isa = PBXBuildFile; fileRef = 36DF51552C8720660047FAF4 /* CallCell.swift */; };
		36DF51582C8720660047FAF4 /* CallCell.xib in Resources */ = {isa = PBXBuildFile; fileRef = 36DF51562C8720660047FAF4 /* CallCell.xib */; };
		36DF515D2C872FED0047FAF4 /* CallModel.swift in Sources */ = {isa = PBXBuildFile; fileRef = 36DF515C2C872FED0047FAF4 /* CallModel.swift */; };
		36E02B302C899286007753A9 /* data.json in Resources */ = {isa = PBXBuildFile; fileRef = 36E02B2F2C899286007753A9 /* data.json */; };
		36E02B332C89C88D007753A9 /* ChannelCell.swift in Sources */ = {isa = PBXBuildFile; fileRef = 36E02B312C89C88D007753A9 /* ChannelCell.swift */; };
		36E02B342C89C88D007753A9 /* ChannelCell.xib in Resources */ = {isa = PBXBuildFile; fileRef = 36E02B322C89C88D007753A9 /* ChannelCell.xib */; };
		551FC33DE16517EF9075D8E6 /* Pods_WhatsApp.framework in Frameworks */ = {isa = PBXBuildFile; fileRef = 75ABEC09B88C52B26B13BC1B /* Pods_WhatsApp.framework */; };
/* End PBXBuildFile section */

/* Begin PBXFileReference section */
		361462942C808CB2001D5DE4 /* ChatsVC.swift */ = {isa = PBXFileReference; lastKnownFileType = sourcecode.swift; path = ChatsVC.swift; sourceTree = "<group>"; };
		36160CDC2C8ADF2300106EAD /* EditProfileVC.swift */ = {isa = PBXFileReference; lastKnownFileType = sourcecode.swift; path = EditProfileVC.swift; sourceTree = "<group>"; };
		362E607F2C8B12D20080FCDD /* ProfilePhotoVC.swift */ = {isa = PBXFileReference; lastKnownFileType = sourcecode.swift; path = ProfilePhotoVC.swift; sourceTree = "<group>"; };
		365116742C8867F0007E3850 /* StatusCell.swift */ = {isa = PBXFileReference; lastKnownFileType = sourcecode.swift; path = StatusCell.swift; sourceTree = "<group>"; };
		365116752C8867F0007E3850 /* StatusCell.xib */ = {isa = PBXFileReference; lastKnownFileType = file.xib; path = StatusCell.xib; sourceTree = "<group>"; };
		366778B82C8879F30056BB33 /* CircularProgressView.swift */ = {isa = PBXFileReference; lastKnownFileType = sourcecode.swift; path = CircularProgressView.swift; sourceTree = "<group>"; };
		366778BB2C88805D0056BB33 /* StatusModel.swift */ = {isa = PBXFileReference; lastKnownFileType = sourcecode.swift; path = StatusModel.swift; sourceTree = "<group>"; };
		3673BB182C845B6700AE163B /* whatsapp.json */ = {isa = PBXFileReference; fileEncoding = 4; lastKnownFileType = text.json; path = whatsapp.json; sourceTree = "<group>"; };
		3673BB1A2C84619100AE163B /* ChatModel.swift */ = {isa = PBXFileReference; lastKnownFileType = sourcecode.swift; path = ChatModel.swift; sourceTree = "<group>"; };
		369224552C7A4F6800951AA2 /* Constants.swift */ = {isa = PBXFileReference; lastKnownFileType = sourcecode.swift; path = Constants.swift; sourceTree = "<group>"; };
		3694E4D02C81E0AD000FCFFF /* ChatCell.swift */ = {isa = PBXFileReference; lastKnownFileType = sourcecode.swift; path = ChatCell.swift; sourceTree = "<group>"; };
		3694E4D12C81E0AD000FCFFF /* ChatCell.xib */ = {isa = PBXFileReference; lastKnownFileType = file.xib; path = ChatCell.xib; sourceTree = "<group>"; };
		369926742C79F29800A96177 /* WhatsApp.app */ = {isa = PBXFileReference; explicitFileType = wrapper.application; includeInIndex = 0; path = WhatsApp.app; sourceTree = BUILT_PRODUCTS_DIR; };
		369926772C79F29800A96177 /* AppDelegate.swift */ = {isa = PBXFileReference; lastKnownFileType = sourcecode.swift; path = AppDelegate.swift; sourceTree = "<group>"; };
		369926792C79F29800A96177 /* SceneDelegate.swift */ = {isa = PBXFileReference; lastKnownFileType = sourcecode.swift; path = SceneDelegate.swift; sourceTree = "<group>"; };
		3699267B2C79F29800A96177 /* ViewController.swift */ = {isa = PBXFileReference; lastKnownFileType = sourcecode.swift; path = ViewController.swift; sourceTree = "<group>"; };
		3699267E2C79F29800A96177 /* Base */ = {isa = PBXFileReference; lastKnownFileType = file.storyboard; name = Base; path = Base.lproj/Main.storyboard; sourceTree = "<group>"; };
		369926802C79F29A00A96177 /* Assets.xcassets */ = {isa = PBXFileReference; lastKnownFileType = folder.assetcatalog; path = Assets.xcassets; sourceTree = "<group>"; };
		369926832C79F29A00A96177 /* Base */ = {isa = PBXFileReference; lastKnownFileType = file.storyboard; name = Base; path = Base.lproj/LaunchScreen.storyboard; sourceTree = "<group>"; };
		369926852C79F29A00A96177 /* Info.plist */ = {isa = PBXFileReference; lastKnownFileType = text.plist.xml; path = Info.plist; sourceTree = "<group>"; };
		3699268B2C79FB6900A96177 /* TermsAndServicesVC.swift */ = {isa = PBXFileReference; lastKnownFileType = sourcecode.swift; path = TermsAndServicesVC.swift; sourceTree = "<group>"; };
		3699268F2C7A3D2D00A96177 /* VerifyPhoneNumberVC.swift */ = {isa = PBXFileReference; lastKnownFileType = sourcecode.swift; path = VerifyPhoneNumberVC.swift; sourceTree = "<group>"; };
		3699B1AA2C7EF68700119C22 /* SettingCell.swift */ = {isa = PBXFileReference; lastKnownFileType = sourcecode.swift; path = SettingCell.swift; sourceTree = "<group>"; };
		3699B1AB2C7EF68700119C22 /* SettingCell.xib */ = {isa = PBXFileReference; lastKnownFileType = file.xib; path = SettingCell.xib; sourceTree = "<group>"; };
		3699B1B02C7EFD3500119C22 /* SettingCellModel.swift */ = {isa = PBXFileReference; lastKnownFileType = sourcecode.swift; path = SettingCellModel.swift; sourceTree = "<group>"; };
		369AE1102C7C97170034EFC4 /* ProfileInfoVC.swift */ = {isa = PBXFileReference; lastKnownFileType = sourcecode.swift; path = ProfileInfoVC.swift; sourceTree = "<group>"; };
		369B8FFA2C8C95EE002ACA97 /* EditProfilePicVC.swift */ = {isa = PBXFileReference; lastKnownFileType = sourcecode.swift; path = EditProfilePicVC.swift; sourceTree = "<group>"; };
		36AA01902C900F3B0073D026 /* CustomBioVC.swift */ = {isa = PBXFileReference; lastKnownFileType = sourcecode.swift; path = CustomBioVC.swift; sourceTree = "<group>"; };
		36B4B3542C7DC05F00B9EDE3 /* TabBarVC.swift */ = {isa = PBXFileReference; lastKnownFileType = sourcecode.swift; path = TabBarVC.swift; sourceTree = "<group>"; };
		36B4B3562C7DD45D00B9EDE3 /* TabBarVC.storyboard */ = {isa = PBXFileReference; lastKnownFileType = file.storyboard; path = TabBarVC.storyboard; sourceTree = "<group>"; };
		36B4B35A2C7DDB4300B9EDE3 /* SettingsVC.swift */ = {isa = PBXFileReference; lastKnownFileType = sourcecode.swift; path = SettingsVC.swift; sourceTree = "<group>"; };
		36B9C0022C7B15F000F71E99 /* OtpVerificationVC.swift */ = {isa = PBXFileReference; lastKnownFileType = sourcecode.swift; path = OtpVerificationVC.swift; sourceTree = "<group>"; };
		36CA2ACC2C8EE03600B5AE6D /* BioVC.swift */ = {isa = PBXFileReference; lastKnownFileType = sourcecode.swift; path = BioVC.swift; sourceTree = "<group>"; };
		36CA2ACE2C8EE5DC00B5AE6D /* BioCell.swift */ = {isa = PBXFileReference; lastKnownFileType = sourcecode.swift; path = BioCell.swift; sourceTree = "<group>"; };
		36CA2ACF2C8EE5DC00B5AE6D /* BioCell.xib */ = {isa = PBXFileReference; lastKnownFileType = file.xib; path = BioCell.xib; sourceTree = "<group>"; };
		36CA2AD22C8EE87800B5AE6D /* BiosModel.swift */ = {isa = PBXFileReference; lastKnownFileType = sourcecode.swift; path = BiosModel.swift; sourceTree = "<group>"; };
		36CD732A2C8836EA00D432A7 /* UpdatesVC.swift */ = {isa = PBXFileReference; lastKnownFileType = sourcecode.swift; path = UpdatesVC.swift; sourceTree = "<group>"; };
		36DF514A2C86CF840047FAF4 /* community.json */ = {isa = PBXFileReference; fileEncoding = 4; lastKnownFileType = text.json; path = community.json; sourceTree = "<group>"; };
		36DF514C2C86D0410047FAF4 /* CommunityVC.swift */ = {isa = PBXFileReference; lastKnownFileType = sourcecode.swift; path = CommunityVC.swift; sourceTree = "<group>"; };
		36DF514E2C86E8830047FAF4 /* CallsVC.swift */ = {isa = PBXFileReference; lastKnownFileType = sourcecode.swift; path = CallsVC.swift; sourceTree = "<group>"; };
		36DF51512C86EFE90047FAF4 /* DialpadVC.swift */ = {isa = PBXFileReference; lastKnownFileType = sourcecode.swift; path = DialpadVC.swift; sourceTree = "<group>"; };
		36DF51532C86F0080047FAF4 /* OtherVC.storyboard */ = {isa = PBXFileReference; lastKnownFileType = file.storyboard; path = OtherVC.storyboard; sourceTree = "<group>"; };
		36DF51552C8720660047FAF4 /* CallCell.swift */ = {isa = PBXFileReference; lastKnownFileType = sourcecode.swift; path = CallCell.swift; sourceTree = "<group>"; };
		36DF51562C8720660047FAF4 /* CallCell.xib */ = {isa = PBXFileReference; lastKnownFileType = file.xib; path = CallCell.xib; sourceTree = "<group>"; };
		36DF515C2C872FED0047FAF4 /* CallModel.swift */ = {isa = PBXFileReference; lastKnownFileType = sourcecode.swift; path = CallModel.swift; sourceTree = "<group>"; };
		36E02B2F2C899286007753A9 /* data.json */ = {isa = PBXFileReference; fileEncoding = 4; lastKnownFileType = text.json; path = data.json; sourceTree = "<group>"; };
		36E02B312C89C88D007753A9 /* ChannelCell.swift */ = {isa = PBXFileReference; lastKnownFileType = sourcecode.swift; path = ChannelCell.swift; sourceTree = "<group>"; };
		36E02B322C89C88D007753A9 /* ChannelCell.xib */ = {isa = PBXFileReference; lastKnownFileType = file.xib; path = ChannelCell.xib; sourceTree = "<group>"; };
		40490AE675ADE55622B30738 /* Pods-WhatsApp.release.xcconfig */ = {isa = PBXFileReference; includeInIndex = 1; lastKnownFileType = text.xcconfig; name = "Pods-WhatsApp.release.xcconfig"; path = "Target Support Files/Pods-WhatsApp/Pods-WhatsApp.release.xcconfig"; sourceTree = "<group>"; };
		75ABEC09B88C52B26B13BC1B /* Pods_WhatsApp.framework */ = {isa = PBXFileReference; explicitFileType = wrapper.framework; includeInIndex = 0; path = Pods_WhatsApp.framework; sourceTree = BUILT_PRODUCTS_DIR; };
		E43493F7CD0980344D7E18F0 /* Pods-WhatsApp.debug.xcconfig */ = {isa = PBXFileReference; includeInIndex = 1; lastKnownFileType = text.xcconfig; name = "Pods-WhatsApp.debug.xcconfig"; path = "Target Support Files/Pods-WhatsApp/Pods-WhatsApp.debug.xcconfig"; sourceTree = "<group>"; };
/* End PBXFileReference section */

/* Begin PBXFrameworksBuildPhase section */
		369926712C79F29800A96177 /* Frameworks */ = {
			isa = PBXFrameworksBuildPhase;
			buildActionMask = 2147483647;
			files = (
				551FC33DE16517EF9075D8E6 /* Pods_WhatsApp.framework in Frameworks */,
			);
			runOnlyForDeploymentPostprocessing = 0;
		};
/* End PBXFrameworksBuildPhase section */

/* Begin PBXGroup section */
		0AB6BA8330890ABF136A8F56 /* Frameworks */ = {
			isa = PBXGroup;
			children = (
				75ABEC09B88C52B26B13BC1B /* Pods_WhatsApp.framework */,
			);
			name = Frameworks;
			sourceTree = "<group>";
		};
		365116732C8867A7007E3850 /* Updates */ = {
			isa = PBXGroup;
			children = (
				365116742C8867F0007E3850 /* StatusCell.swift */,
				365116752C8867F0007E3850 /* StatusCell.xib */,
				36E02B312C89C88D007753A9 /* ChannelCell.swift */,
				36E02B322C89C88D007753A9 /* ChannelCell.xib */,
			);
			path = Updates;
			sourceTree = "<group>";
		};
		366778BA2C8880520056BB33 /* Updates */ = {
			isa = PBXGroup;
			children = (
				366778BB2C88805D0056BB33 /* StatusModel.swift */,
			);
			path = Updates;
			sourceTree = "<group>";
		};
		3673BB132C845B4B00AE163B /* Animation */ = {
			isa = PBXGroup;
			children = (
				36E02B2F2C899286007753A9 /* data.json */,
				36DF514A2C86CF840047FAF4 /* community.json */,
				3673BB182C845B6700AE163B /* whatsapp.json */,
			);
			path = Animation;
			sourceTree = "<group>";
		};
		3694E4CF2C81E0A0000FCFFF /* Chats */ = {
			isa = PBXGroup;
			children = (
				3694E4D02C81E0AD000FCFFF /* ChatCell.swift */,
				3694E4D12C81E0AD000FCFFF /* ChatCell.xib */,
			);
			path = Chats;
			sourceTree = "<group>";
		};
		3699266B2C79F29800A96177 = {
			isa = PBXGroup;
			children = (
				369926762C79F29800A96177 /* WhatsApp */,
				369926752C79F29800A96177 /* Products */,
				FA94727213A627239D07D76A /* Pods */,
				0AB6BA8330890ABF136A8F56 /* Frameworks */,
			);
			sourceTree = "<group>";
		};
		369926752C79F29800A96177 /* Products */ = {
			isa = PBXGroup;
			children = (
				369926742C79F29800A96177 /* WhatsApp.app */,
			);
			name = Products;
			sourceTree = "<group>";
		};
		369926762C79F29800A96177 /* WhatsApp */ = {
			isa = PBXGroup;
			children = (
				369926772C79F29800A96177 /* AppDelegate.swift */,
				369926792C79F29800A96177 /* SceneDelegate.swift */,
				369224552C7A4F6800951AA2 /* Constants.swift */,
				3699268E2C79FB7B00A96177 /* Views */,
				3699268D2C79FB7200A96177 /* Controllers */,
				3699B1AE2C7EFD1200119C22 /* Model */,
				3699B1A82C7EF65800119C22 /* Cell */,
				3673BB132C845B4B00AE163B /* Animation */,
				369926802C79F29A00A96177 /* Assets.xcassets */,
				369926852C79F29A00A96177 /* Info.plist */,
			);
			path = WhatsApp;
			sourceTree = "<group>";
		};
		3699268D2C79FB7200A96177 /* Controllers */ = {
			isa = PBXGroup;
			children = (
				3699267B2C79F29800A96177 /* ViewController.swift */,
				3699268B2C79FB6900A96177 /* TermsAndServicesVC.swift */,
				3699268F2C7A3D2D00A96177 /* VerifyPhoneNumberVC.swift */,
				36B9C0022C7B15F000F71E99 /* OtpVerificationVC.swift */,
				369AE1102C7C97170034EFC4 /* ProfileInfoVC.swift */,
				36B4B3532C7DC02F00B9EDE3 /* TabBar */,
			);
			path = Controllers;
			sourceTree = "<group>";
		};
		3699268E2C79FB7B00A96177 /* Views */ = {
			isa = PBXGroup;
			children = (
				369926822C79F29A00A96177 /* LaunchScreen.storyboard */,
				3699267D2C79F29800A96177 /* Main.storyboard */,
				36B4B3562C7DD45D00B9EDE3 /* TabBarVC.storyboard */,
				36DF51532C86F0080047FAF4 /* OtherVC.storyboard */,
			);
			path = Views;
			sourceTree = "<group>";
		};
		3699B1A82C7EF65800119C22 /* Cell */ = {
			isa = PBXGroup;
			children = (
				365116732C8867A7007E3850 /* Updates */,
				3694E4CF2C81E0A0000FCFFF /* Chats */,
				3699B1A92C7EF66200119C22 /* Settings */,
				36DF51592C87206C0047FAF4 /* Calls */,
			);
			path = Cell;
			sourceTree = "<group>";
		};
		3699B1A92C7EF66200119C22 /* Settings */ = {
			isa = PBXGroup;
			children = (
				3699B1AA2C7EF68700119C22 /* SettingCell.swift */,
				3699B1AB2C7EF68700119C22 /* SettingCell.xib */,
				36CA2ACE2C8EE5DC00B5AE6D /* BioCell.swift */,
				36CA2ACF2C8EE5DC00B5AE6D /* BioCell.xib */,
			);
			path = Settings;
			sourceTree = "<group>";
		};
		3699B1AE2C7EFD1200119C22 /* Model */ = {
			isa = PBXGroup;
			children = (
				366778BA2C8880520056BB33 /* Updates */,
				36DF515B2C872FE00047FAF4 /* Calls */,
				3699B1AF2C7EFD1600119C22 /* Settings */,
				36DF515A2C872FDB0047FAF4 /* Chats */,
			);
			path = Model;
			sourceTree = "<group>";
		};
		3699B1AF2C7EFD1600119C22 /* Settings */ = {
			isa = PBXGroup;
			children = (
				3699B1B02C7EFD3500119C22 /* SettingCellModel.swift */,
				36CA2AD22C8EE87800B5AE6D /* BiosModel.swift */,
			);
			path = Settings;
			sourceTree = "<group>";
		};
		36B4B3532C7DC02F00B9EDE3 /* TabBar */ = {
			isa = PBXGroup;
			children = (
				36B4B3542C7DC05F00B9EDE3 /* TabBarVC.swift */,
				36B4B3582C7DDB1A00B9EDE3 /* MainTabs */,
				36DF51502C86EF7C0047FAF4 /* OtherVC */,
			);
			path = TabBar;
			sourceTree = "<group>";
		};
		36B4B3582C7DDB1A00B9EDE3 /* MainTabs */ = {
			isa = PBXGroup;
			children = (
				36B4B35A2C7DDB4300B9EDE3 /* SettingsVC.swift */,
				361462942C808CB2001D5DE4 /* ChatsVC.swift */,
				36DF514C2C86D0410047FAF4 /* CommunityVC.swift */,
				36DF514E2C86E8830047FAF4 /* CallsVC.swift */,
				36CD732A2C8836EA00D432A7 /* UpdatesVC.swift */,
			);
			path = MainTabs;
			sourceTree = "<group>";
		};
		36DF51502C86EF7C0047FAF4 /* OtherVC */ = {
			isa = PBXGroup;
			children = (
				36DF51512C86EFE90047FAF4 /* DialpadVC.swift */,
				366778B82C8879F30056BB33 /* CircularProgressView.swift */,
				36160CDC2C8ADF2300106EAD /* EditProfileVC.swift */,
				362E607F2C8B12D20080FCDD /* ProfilePhotoVC.swift */,
				369B8FFA2C8C95EE002ACA97 /* EditProfilePicVC.swift */,
				36CA2ACC2C8EE03600B5AE6D /* BioVC.swift */,
				36AA01902C900F3B0073D026 /* CustomBioVC.swift */,
			);
			path = OtherVC;
			sourceTree = "<group>";
		};
		36DF51592C87206C0047FAF4 /* Calls */ = {
			isa = PBXGroup;
			children = (
				36DF51552C8720660047FAF4 /* CallCell.swift */,
				36DF51562C8720660047FAF4 /* CallCell.xib */,
			);
			path = Calls;
			sourceTree = "<group>";
		};
		36DF515A2C872FDB0047FAF4 /* Chats */ = {
			isa = PBXGroup;
			children = (
				3673BB1A2C84619100AE163B /* ChatModel.swift */,
			);
			path = Chats;
			sourceTree = "<group>";
		};
		36DF515B2C872FE00047FAF4 /* Calls */ = {
			isa = PBXGroup;
			children = (
				36DF515C2C872FED0047FAF4 /* CallModel.swift */,
			);
			path = Calls;
			sourceTree = "<group>";
		};
		FA94727213A627239D07D76A /* Pods */ = {
			isa = PBXGroup;
			children = (
				E43493F7CD0980344D7E18F0 /* Pods-WhatsApp.debug.xcconfig */,
				40490AE675ADE55622B30738 /* Pods-WhatsApp.release.xcconfig */,
			);
			path = Pods;
			sourceTree = "<group>";
		};
/* End PBXGroup section */

/* Begin PBXNativeTarget section */
		369926732C79F29800A96177 /* WhatsApp */ = {
			isa = PBXNativeTarget;
			buildConfigurationList = 369926882C79F29A00A96177 /* Build configuration list for PBXNativeTarget "WhatsApp" */;
			buildPhases = (
				CB8FA093B95E33C0CB04F020 /* [CP] Check Pods Manifest.lock */,
				369926702C79F29800A96177 /* Sources */,
				369926712C79F29800A96177 /* Frameworks */,
				369926722C79F29800A96177 /* Resources */,
				FFAAD7020DC7A900FE1DF5B8 /* [CP] Embed Pods Frameworks */,
			);
			buildRules = (
			);
			dependencies = (
			);
			name = WhatsApp;
			productName = WhatsApp;
			productReference = 369926742C79F29800A96177 /* WhatsApp.app */;
			productType = "com.apple.product-type.application";
		};
/* End PBXNativeTarget section */

/* Begin PBXProject section */
		3699266C2C79F29800A96177 /* Project object */ = {
			isa = PBXProject;
			attributes = {
				BuildIndependentTargetsInParallel = 1;
				LastSwiftUpdateCheck = 1530;
				LastUpgradeCheck = 1530;
				TargetAttributes = {
					369926732C79F29800A96177 = {
						CreatedOnToolsVersion = 15.3;
					};
				};
			};
			buildConfigurationList = 3699266F2C79F29800A96177 /* Build configuration list for PBXProject "WhatsApp" */;
			compatibilityVersion = "Xcode 14.0";
			developmentRegion = en;
			hasScannedForEncodings = 0;
			knownRegions = (
				en,
				Base,
			);
			mainGroup = 3699266B2C79F29800A96177;
			productRefGroup = 369926752C79F29800A96177 /* Products */;
			projectDirPath = "";
			projectRoot = "";
			targets = (
				369926732C79F29800A96177 /* WhatsApp */,
			);
		};
/* End PBXProject section */

/* Begin PBXResourcesBuildPhase section */
		369926722C79F29800A96177 /* Resources */ = {
			isa = PBXResourcesBuildPhase;
			buildActionMask = 2147483647;
			files = (
				369926812C79F29A00A96177 /* Assets.xcassets in Resources */,
				3694E4D32C81E0AD000FCFFF /* ChatCell.xib in Resources */,
				36CA2AD12C8EE5DC00B5AE6D /* BioCell.xib in Resources */,
				36E02B342C89C88D007753A9 /* ChannelCell.xib in Resources */,
				3673BB192C845B6700AE163B /* whatsapp.json in Resources */,
				36DF514B2C86CF840047FAF4 /* community.json in Resources */,
				3699B1AD2C7EF68700119C22 /* SettingCell.xib in Resources */,
				369926842C79F29A00A96177 /* Base in Resources */,
				3699267F2C79F29800A96177 /* Base in Resources */,
				36E02B302C899286007753A9 /* data.json in Resources */,
				365116762C8867F0007E3850 /* StatusCell.xib in Resources */,
				36B4B3572C7DD45D00B9EDE3 /* TabBarVC.storyboard in Resources */,
				36DF51542C86F0080047FAF4 /* OtherVC.storyboard in Resources */,
				36DF51582C8720660047FAF4 /* CallCell.xib in Resources */,
			);
			runOnlyForDeploymentPostprocessing = 0;
		};
/* End PBXResourcesBuildPhase section */

/* Begin PBXShellScriptBuildPhase section */
		CB8FA093B95E33C0CB04F020 /* [CP] Check Pods Manifest.lock */ = {
			isa = PBXShellScriptBuildPhase;
			buildActionMask = 2147483647;
			files = (
			);
			inputFileListPaths = (
			);
			inputPaths = (
				"${PODS_PODFILE_DIR_PATH}/Podfile.lock",
				"${PODS_ROOT}/Manifest.lock",
			);
			name = "[CP] Check Pods Manifest.lock";
			outputFileListPaths = (
			);
			outputPaths = (
				"$(DERIVED_FILE_DIR)/Pods-WhatsApp-checkManifestLockResult.txt",
			);
			runOnlyForDeploymentPostprocessing = 0;
			shellPath = /bin/sh;
			shellScript = "diff \"${PODS_PODFILE_DIR_PATH}/Podfile.lock\" \"${PODS_ROOT}/Manifest.lock\" > /dev/null\nif [ $? != 0 ] ; then\n    # print error to STDERR\n    echo \"error: The sandbox is not in sync with the Podfile.lock. Run 'pod install' or update your CocoaPods installation.\" >&2\n    exit 1\nfi\n# This output is used by Xcode 'outputs' to avoid re-running this script phase.\necho \"SUCCESS\" > \"${SCRIPT_OUTPUT_FILE_0}\"\n";
			showEnvVarsInLog = 0;
		};
		FFAAD7020DC7A900FE1DF5B8 /* [CP] Embed Pods Frameworks */ = {
			isa = PBXShellScriptBuildPhase;
			buildActionMask = 2147483647;
			files = (
			);
			inputFileListPaths = (
				"${PODS_ROOT}/Target Support Files/Pods-WhatsApp/Pods-WhatsApp-frameworks-${CONFIGURATION}-input-files.xcfilelist",
			);
			name = "[CP] Embed Pods Frameworks";
			outputFileListPaths = (
				"${PODS_ROOT}/Target Support Files/Pods-WhatsApp/Pods-WhatsApp-frameworks-${CONFIGURATION}-output-files.xcfilelist",
			);
			runOnlyForDeploymentPostprocessing = 0;
			shellPath = /bin/sh;
			shellScript = "\"${PODS_ROOT}/Target Support Files/Pods-WhatsApp/Pods-WhatsApp-frameworks.sh\"\n";
			showEnvVarsInLog = 0;
		};
/* End PBXShellScriptBuildPhase section */

/* Begin PBXSourcesBuildPhase section */
		369926702C79F29800A96177 /* Sources */ = {
			isa = PBXSourcesBuildPhase;
			buildActionMask = 2147483647;
			files = (
				361462952C808CB2001D5DE4 /* ChatsVC.swift in Sources */,
				36DF51572C8720660047FAF4 /* CallCell.swift in Sources */,
				3699B1B12C7EFD3500119C22 /* SettingCellModel.swift in Sources */,
				36DF514F2C86E8830047FAF4 /* CallsVC.swift in Sources */,
				369926902C7A3D2D00A96177 /* VerifyPhoneNumberVC.swift in Sources */,
				369224562C7A4F6800951AA2 /* Constants.swift in Sources */,
				36CA2AD32C8EE87800B5AE6D /* BiosModel.swift in Sources */,
				3699267C2C79F29800A96177 /* ViewController.swift in Sources */,
				3673BB1B2C84619100AE163B /* ChatModel.swift in Sources */,
				369926782C79F29800A96177 /* AppDelegate.swift in Sources */,
				362E60802C8B12D20080FCDD /* ProfilePhotoVC.swift in Sources */,
				366778BC2C88805D0056BB33 /* StatusModel.swift in Sources */,
				3699B1AC2C7EF68700119C22 /* SettingCell.swift in Sources */,
				36B4B3552C7DC05F00B9EDE3 /* TabBarVC.swift in Sources */,
				36160CDD2C8ADF2300106EAD /* EditProfileVC.swift in Sources */,
				369AE1112C7C97170034EFC4 /* ProfileInfoVC.swift in Sources */,
				36DF514D2C86D0410047FAF4 /* CommunityVC.swift in Sources */,
				36CA2AD02C8EE5DC00B5AE6D /* BioCell.swift in Sources */,
				366778B92C8879F30056BB33 /* CircularProgressView.swift in Sources */,
				3699268C2C79FB6900A96177 /* TermsAndServicesVC.swift in Sources */,
				36B9C0032C7B15F000F71E99 /* OtpVerificationVC.swift in Sources */,
				365116772C8867F0007E3850 /* StatusCell.swift in Sources */,
				36DF51522C86EFE90047FAF4 /* DialpadVC.swift in Sources */,
				369B8FFB2C8C95EE002ACA97 /* EditProfilePicVC.swift in Sources */,
				36E02B332C89C88D007753A9 /* ChannelCell.swift in Sources */,
				36CD732B2C8836EA00D432A7 /* UpdatesVC.swift in Sources */,
				36AA01912C900F3B0073D026 /* CustomBioVC.swift in Sources */,
				3694E4D22C81E0AD000FCFFF /* ChatCell.swift in Sources */,
				3699267A2C79F29800A96177 /* SceneDelegate.swift in Sources */,
				36CA2ACD2C8EE03600B5AE6D /* BioVC.swift in Sources */,
				36B4B35B2C7DDB4300B9EDE3 /* SettingsVC.swift in Sources */,
				36DF515D2C872FED0047FAF4 /* CallModel.swift in Sources */,
			);
			runOnlyForDeploymentPostprocessing = 0;
		};
/* End PBXSourcesBuildPhase section */

/* Begin PBXVariantGroup section */
		3699267D2C79F29800A96177 /* Main.storyboard */ = {
			isa = PBXVariantGroup;
			children = (
				3699267E2C79F29800A96177 /* Base */,
			);
			name = Main.storyboard;
			sourceTree = "<group>";
		};
		369926822C79F29A00A96177 /* LaunchScreen.storyboard */ = {
			isa = PBXVariantGroup;
			children = (
				369926832C79F29A00A96177 /* Base */,
			);
			name = LaunchScreen.storyboard;
			sourceTree = "<group>";
		};
/* End PBXVariantGroup section */

/* Begin XCBuildConfiguration section */
		369926862C79F29A00A96177 /* Debug */ = {
			isa = XCBuildConfiguration;
			buildSettings = {
				ALWAYS_SEARCH_USER_PATHS = NO;
				ASSETCATALOG_COMPILER_GENERATE_SWIFT_ASSET_SYMBOL_EXTENSIONS = YES;
				CLANG_ANALYZER_NONNULL = YES;
				CLANG_ANALYZER_NUMBER_OBJECT_CONVERSION = YES_AGGRESSIVE;
				CLANG_CXX_LANGUAGE_STANDARD = "gnu++20";
				CLANG_ENABLE_MODULES = YES;
				CLANG_ENABLE_OBJC_ARC = YES;
				CLANG_ENABLE_OBJC_WEAK = YES;
				CLANG_WARN_BLOCK_CAPTURE_AUTORELEASING = YES;
				CLANG_WARN_BOOL_CONVERSION = YES;
				CLANG_WARN_COMMA = YES;
				CLANG_WARN_CONSTANT_CONVERSION = YES;
				CLANG_WARN_DEPRECATED_OBJC_IMPLEMENTATIONS = YES;
				CLANG_WARN_DIRECT_OBJC_ISA_USAGE = YES_ERROR;
				CLANG_WARN_DOCUMENTATION_COMMENTS = YES;
				CLANG_WARN_EMPTY_BODY = YES;
				CLANG_WARN_ENUM_CONVERSION = YES;
				CLANG_WARN_INFINITE_RECURSION = YES;
				CLANG_WARN_INT_CONVERSION = YES;
				CLANG_WARN_NON_LITERAL_NULL_CONVERSION = YES;
				CLANG_WARN_OBJC_IMPLICIT_RETAIN_SELF = YES;
				CLANG_WARN_OBJC_LITERAL_CONVERSION = YES;
				CLANG_WARN_OBJC_ROOT_CLASS = YES_ERROR;
				CLANG_WARN_QUOTED_INCLUDE_IN_FRAMEWORK_HEADER = YES;
				CLANG_WARN_RANGE_LOOP_ANALYSIS = YES;
				CLANG_WARN_STRICT_PROTOTYPES = YES;
				CLANG_WARN_SUSPICIOUS_MOVE = YES;
				CLANG_WARN_UNGUARDED_AVAILABILITY = YES_AGGRESSIVE;
				CLANG_WARN_UNREACHABLE_CODE = YES;
				CLANG_WARN__DUPLICATE_METHOD_MATCH = YES;
				COPY_PHASE_STRIP = NO;
				DEBUG_INFORMATION_FORMAT = dwarf;
				ENABLE_STRICT_OBJC_MSGSEND = YES;
				ENABLE_TESTABILITY = YES;
				ENABLE_USER_SCRIPT_SANDBOXING = YES;
				GCC_C_LANGUAGE_STANDARD = gnu17;
				GCC_DYNAMIC_NO_PIC = NO;
				GCC_NO_COMMON_BLOCKS = YES;
				GCC_OPTIMIZATION_LEVEL = 0;
				GCC_PREPROCESSOR_DEFINITIONS = (
					"DEBUG=1",
					"$(inherited)",
				);
				GCC_WARN_64_TO_32_BIT_CONVERSION = YES;
				GCC_WARN_ABOUT_RETURN_TYPE = YES_ERROR;
				GCC_WARN_UNDECLARED_SELECTOR = YES;
				GCC_WARN_UNINITIALIZED_AUTOS = YES_AGGRESSIVE;
				GCC_WARN_UNUSED_FUNCTION = YES;
				GCC_WARN_UNUSED_VARIABLE = YES;
				IPHONEOS_DEPLOYMENT_TARGET = 12.0;
				LOCALIZATION_PREFERS_STRING_CATALOGS = YES;
				MTL_ENABLE_DEBUG_INFO = INCLUDE_SOURCE;
				MTL_FAST_MATH = YES;
				ONLY_ACTIVE_ARCH = YES;
				SDKROOT = iphoneos;
				SWIFT_ACTIVE_COMPILATION_CONDITIONS = "DEBUG $(inherited)";
				SWIFT_OPTIMIZATION_LEVEL = "-Onone";
			};
			name = Debug;
		};
		369926872C79F29A00A96177 /* Release */ = {
			isa = XCBuildConfiguration;
			buildSettings = {
				ALWAYS_SEARCH_USER_PATHS = NO;
				ASSETCATALOG_COMPILER_GENERATE_SWIFT_ASSET_SYMBOL_EXTENSIONS = YES;
				CLANG_ANALYZER_NONNULL = YES;
				CLANG_ANALYZER_NUMBER_OBJECT_CONVERSION = YES_AGGRESSIVE;
				CLANG_CXX_LANGUAGE_STANDARD = "gnu++20";
				CLANG_ENABLE_MODULES = YES;
				CLANG_ENABLE_OBJC_ARC = YES;
				CLANG_ENABLE_OBJC_WEAK = YES;
				CLANG_WARN_BLOCK_CAPTURE_AUTORELEASING = YES;
				CLANG_WARN_BOOL_CONVERSION = YES;
				CLANG_WARN_COMMA = YES;
				CLANG_WARN_CONSTANT_CONVERSION = YES;
				CLANG_WARN_DEPRECATED_OBJC_IMPLEMENTATIONS = YES;
				CLANG_WARN_DIRECT_OBJC_ISA_USAGE = YES_ERROR;
				CLANG_WARN_DOCUMENTATION_COMMENTS = YES;
				CLANG_WARN_EMPTY_BODY = YES;
				CLANG_WARN_ENUM_CONVERSION = YES;
				CLANG_WARN_INFINITE_RECURSION = YES;
				CLANG_WARN_INT_CONVERSION = YES;
				CLANG_WARN_NON_LITERAL_NULL_CONVERSION = YES;
				CLANG_WARN_OBJC_IMPLICIT_RETAIN_SELF = YES;
				CLANG_WARN_OBJC_LITERAL_CONVERSION = YES;
				CLANG_WARN_OBJC_ROOT_CLASS = YES_ERROR;
				CLANG_WARN_QUOTED_INCLUDE_IN_FRAMEWORK_HEADER = YES;
				CLANG_WARN_RANGE_LOOP_ANALYSIS = YES;
				CLANG_WARN_STRICT_PROTOTYPES = YES;
				CLANG_WARN_SUSPICIOUS_MOVE = YES;
				CLANG_WARN_UNGUARDED_AVAILABILITY = YES_AGGRESSIVE;
				CLANG_WARN_UNREACHABLE_CODE = YES;
				CLANG_WARN__DUPLICATE_METHOD_MATCH = YES;
				COPY_PHASE_STRIP = NO;
				DEBUG_INFORMATION_FORMAT = "dwarf-with-dsym";
				ENABLE_NS_ASSERTIONS = NO;
				ENABLE_STRICT_OBJC_MSGSEND = YES;
				ENABLE_USER_SCRIPT_SANDBOXING = YES;
				GCC_C_LANGUAGE_STANDARD = gnu17;
				GCC_NO_COMMON_BLOCKS = YES;
				GCC_WARN_64_TO_32_BIT_CONVERSION = YES;
				GCC_WARN_ABOUT_RETURN_TYPE = YES_ERROR;
				GCC_WARN_UNDECLARED_SELECTOR = YES;
				GCC_WARN_UNINITIALIZED_AUTOS = YES_AGGRESSIVE;
				GCC_WARN_UNUSED_FUNCTION = YES;
				GCC_WARN_UNUSED_VARIABLE = YES;
				IPHONEOS_DEPLOYMENT_TARGET = 12.0;
				LOCALIZATION_PREFERS_STRING_CATALOGS = YES;
				MTL_ENABLE_DEBUG_INFO = NO;
				MTL_FAST_MATH = YES;
				SDKROOT = iphoneos;
				SWIFT_COMPILATION_MODE = wholemodule;
				VALIDATE_PRODUCT = YES;
			};
			name = Release;
		};
		369926892C79F29A00A96177 /* Debug */ = {
			isa = XCBuildConfiguration;
			baseConfigurationReference = E43493F7CD0980344D7E18F0 /* Pods-WhatsApp.debug.xcconfig */;
			buildSettings = {
				ASSETCATALOG_COMPILER_APPICON_NAME = AppIcon;
				ASSETCATALOG_COMPILER_GLOBAL_ACCENT_COLOR_NAME = AccentColor;
				CODE_SIGN_STYLE = Automatic;
				CURRENT_PROJECT_VERSION = 1;
				DEVELOPMENT_TEAM = 57BB6YGTBS;
				ENABLE_USER_SCRIPT_SANDBOXING = NO;
				GENERATE_INFOPLIST_FILE = YES;
				INFOPLIST_FILE = WhatsApp/Info.plist;
				INFOPLIST_KEY_UIApplicationSupportsIndirectInputEvents = YES;
				INFOPLIST_KEY_UILaunchStoryboardName = LaunchScreen;
				INFOPLIST_KEY_UIMainStoryboardFile = Main;
				INFOPLIST_KEY_UISupportedInterfaceOrientations = UIInterfaceOrientationPortrait;
				INFOPLIST_KEY_UISupportedInterfaceOrientations_iPad = "UIInterfaceOrientationPortrait UIInterfaceOrientationPortraitUpsideDown";
				IPHONEOS_DEPLOYMENT_TARGET = 13.0;
				LD_RUNPATH_SEARCH_PATHS = (
					"$(inherited)",
					"@executable_path/Frameworks",
				);
				MARKETING_VERSION = 1.0;
				PRODUCT_BUNDLE_IDENTIFIER = "mag-isb.WhatsApp";
				PRODUCT_NAME = "$(TARGET_NAME)";
				SWIFT_EMIT_LOC_STRINGS = YES;
				SWIFT_VERSION = 5.0;
				TARGETED_DEVICE_FAMILY = "1,2";
			};
			name = Debug;
		};
		3699268A2C79F29A00A96177 /* Release */ = {
			isa = XCBuildConfiguration;
			baseConfigurationReference = 40490AE675ADE55622B30738 /* Pods-WhatsApp.release.xcconfig */;
			buildSettings = {
				ASSETCATALOG_COMPILER_APPICON_NAME = AppIcon;
				ASSETCATALOG_COMPILER_GLOBAL_ACCENT_COLOR_NAME = AccentColor;
				CODE_SIGN_STYLE = Automatic;
				CURRENT_PROJECT_VERSION = 1;
				DEVELOPMENT_TEAM = 57BB6YGTBS;
				ENABLE_USER_SCRIPT_SANDBOXING = NO;
				GENERATE_INFOPLIST_FILE = YES;
				INFOPLIST_FILE = WhatsApp/Info.plist;
				INFOPLIST_KEY_UIApplicationSupportsIndirectInputEvents = YES;
				INFOPLIST_KEY_UILaunchStoryboardName = LaunchScreen;
				INFOPLIST_KEY_UIMainStoryboardFile = Main;
				INFOPLIST_KEY_UISupportedInterfaceOrientations = UIInterfaceOrientationPortrait;
				INFOPLIST_KEY_UISupportedInterfaceOrientations_iPad = "UIInterfaceOrientationPortrait UIInterfaceOrientationPortraitUpsideDown";
				IPHONEOS_DEPLOYMENT_TARGET = 13.0;
				LD_RUNPATH_SEARCH_PATHS = (
					"$(inherited)",
					"@executable_path/Frameworks",
				);
				MARKETING_VERSION = 1.0;
				PRODUCT_BUNDLE_IDENTIFIER = "mag-isb.WhatsApp";
				PRODUCT_NAME = "$(TARGET_NAME)";
				SWIFT_EMIT_LOC_STRINGS = YES;
				SWIFT_VERSION = 5.0;
				TARGETED_DEVICE_FAMILY = "1,2";
			};
			name = Release;
		};
/* End XCBuildConfiguration section */

/* Begin XCConfigurationList section */
		3699266F2C79F29800A96177 /* Build configuration list for PBXProject "WhatsApp" */ = {
			isa = XCConfigurationList;
			buildConfigurations = (
				369926862C79F29A00A96177 /* Debug */,
				369926872C79F29A00A96177 /* Release */,
			);
			defaultConfigurationIsVisible = 0;
			defaultConfigurationName = Release;
		};
		369926882C79F29A00A96177 /* Build configuration list for PBXNativeTarget "WhatsApp" */ = {
			isa = XCConfigurationList;
			buildConfigurations = (
				369926892C79F29A00A96177 /* Debug */,
				3699268A2C79F29A00A96177 /* Release */,
			);
			defaultConfigurationIsVisible = 0;
			defaultConfigurationName = Release;
		};
/* End XCConfigurationList section */
	};
	rootObject = 3699266C2C79F29800A96177 /* Project object */;
}
